
Microsoft Visual Studio Solution File, Format Version 12.00
# Visual Studio 2013
VisualStudioVersion = 12.0.31101.0
MinimumVisualStudioVersion = 10.0.40219.1
Project("{2150E333-8FDC-42A3-9474-1A3956D46DE8}") = "src", "src", "{2E486AE5-D2C3-4F17-A50D-3CEAE526110D}"
EndProject
Project("{2150E333-8FDC-42A3-9474-1A3956D46DE8}") = "test", "test", "{94BE8179-46EC-457E-ACBD-F0E38A4ED506}"
EndProject
Project("{FAE04EC0-301F-11D3-BF4B-00C04F79EFBC}") = "Validations", "src\Validations\Validations.csproj", "{32E7E504-EA14-4409-8DF1-308BA7A6A83A}"
EndProject
Project("{FAE04EC0-301F-11D3-BF4B-00C04F79EFBC}") = "Validations.Tests", "test\Validations.Tests\Validations.Tests.csproj", "{95F8043E-2B97-44EA-9993-237E99AF7DBD}"
EndProject
Project("{2150E333-8FDC-42A3-9474-1A3956D46DE8}") = ".nuget", ".nuget", "{BCC28AA7-6471-407D-9D23-06285CE93972}"
	ProjectSection(SolutionItems) = preProject
		.nuget\NuGet.Config = .nuget\NuGet.Config
		.nuget\NuGet.exe = .nuget\NuGet.exe
		.nuget\NuGet.targets = .nuget\NuGet.targets
	EndProjectSection
EndProject
Global
	GlobalSection(TeamFoundationVersionControl) = preSolution
		SccNumberOfProjects = 3
		SccEnterpriseProvider = {4CA58AB2-18FA-4F8D-95D4-32DDF27D184C}
		SccTeamFoundationServer = https://brunomantovani.visualstudio.com/defaultcollection
		SccLocalPath0 = .
		SccProjectUniqueName1 = src\\Validations\\Validations.csproj
		SccProjectTopLevelParentUniqueName1 = BM.Validations.sln
		SccProjectName1 = src/Validations
		SccLocalPath1 = src\\Validations
		SccProjectUniqueName2 = test\\Validations.Tests\\Validations.Tests.csproj
		SccProjectTopLevelParentUniqueName2 = BM.Validations.sln
		SccProjectName2 = test/Validations.Tests
		SccLocalPath2 = test\\Validations.Tests
	EndGlobalSection
	GlobalSection(SolutionConfigurationPlatforms) = preSolution
		Debug|Any CPU = Debug|Any CPU
		Release|Any CPU = Release|Any CPU
	EndGlobalSection
	GlobalSection(ProjectConfigurationPlatforms) = postSolution
		{32E7E504-EA14-4409-8DF1-308BA7A6A83A}.Debug|Any CPU.ActiveCfg = Debug|Any CPU
		{32E7E504-EA14-4409-8DF1-308BA7A6A83A}.Debug|Any CPU.Build.0 = Debug|Any CPU
		{32E7E504-EA14-4409-8DF1-308BA7A6A83A}.Release|Any CPU.ActiveCfg = Release|Any CPU
		{32E7E504-EA14-4409-8DF1-308BA7A6A83A}.Release|Any CPU.Build.0 = Release|Any CPU
		{95F8043E-2B97-44EA-9993-237E99AF7DBD}.Debug|Any CPU.ActiveCfg = Debug|Any CPU
		{95F8043E-2B97-44EA-9993-237E99AF7DBD}.Debug|Any CPU.Build.0 = Debug|Any CPU
		{95F8043E-2B97-44EA-9993-237E99AF7DBD}.Release|Any CPU.ActiveCfg = Release|Any CPU
		{95F8043E-2B97-44EA-9993-237E99AF7DBD}.Release|Any CPU.Build.0 = Release|Any CPU
	EndGlobalSection
	GlobalSection(SolutionProperties) = preSolution
		HideSolutionNode = FALSE
	EndGlobalSection
	GlobalSection(NestedProjects) = preSolution
		{32E7E504-EA14-4409-8DF1-308BA7A6A83A} = {2E486AE5-D2C3-4F17-A50D-3CEAE526110D}
		{95F8043E-2B97-44EA-9993-237E99AF7DBD} = {94BE8179-46EC-457E-ACBD-F0E38A4ED506}
	EndGlobalSection
EndGlobal
